// !$*UTF8*$!
{
	archiveVersion = 1;
	classes = {
	};
	objectVersion = 50;
	objects = {

/* Begin PBXBuildFile section */
		850482BA23E1A14F00BCA8B0 /* Apple.swift in Sources */ = {isa = PBXBuildFile; fileRef = 850482B923E1A14F00BCA8B0 /* Apple.swift */; };
		850482BC23E1A8E900BCA8B0 /* SnakeBodyPart.swift in Sources */ = {isa = PBXBuildFile; fileRef = 850482BB23E1A8E900BCA8B0 /* SnakeBodyPart.swift */; };
		850482BE23E1ACA100BCA8B0 /* SnakeHead.swift in Sources */ = {isa = PBXBuildFile; fileRef = 850482BD23E1ACA100BCA8B0 /* SnakeHead.swift */; };
		850482C023E1AD6500BCA8B0 /* Snake.swift in Sources */ = {isa = PBXBuildFile; fileRef = 850482BF23E1AD6500BCA8B0 /* Snake.swift */; };
		85DF3E2623E1648B00760B4D /* AppDelegate.swift in Sources */ = {isa = PBXBuildFile; fileRef = 85DF3E2523E1648B00760B4D /* AppDelegate.swift */; };
		85DF3E2C23E1648B00760B4D /* GameScene.swift in Sources */ = {isa = PBXBuildFile; fileRef = 85DF3E2B23E1648B00760B4D /* GameScene.swift */; };
		85DF3E2E23E1648B00760B4D /* GameViewController.swift in Sources */ = {isa = PBXBuildFile; fileRef = 85DF3E2D23E1648B00760B4D /* GameViewController.swift */; };
		85DF3E3123E1648B00760B4D /* Main.storyboard in Resources */ = {isa = PBXBuildFile; fileRef = 85DF3E2F23E1648B00760B4D /* Main.storyboard */; };
		85DF3E3323E1648D00760B4D /* Assets.xcassets in Resources */ = {isa = PBXBuildFile; fileRef = 85DF3E3223E1648D00760B4D /* Assets.xcassets */; };
		85DF3E3623E1648D00760B4D /* LaunchScreen.storyboard in Resources */ = {isa = PBXBuildFile; fileRef = 85DF3E3423E1648D00760B4D /* LaunchScreen.storyboard */; };
/* End PBXBuildFile section */

/* Begin PBXFileReference section */
		850482B923E1A14F00BCA8B0 /* Apple.swift */ = {isa = PBXFileReference; lastKnownFileType = sourcecode.swift; path = Apple.swift; sourceTree = "<group>"; };
		850482BB23E1A8E900BCA8B0 /* SnakeBodyPart.swift */ = {isa = PBXFileReference; lastKnownFileType = sourcecode.swift; path = SnakeBodyPart.swift; sourceTree = "<group>"; };
		850482BD23E1ACA100BCA8B0 /* SnakeHead.swift */ = {isa = PBXFileReference; lastKnownFileType = sourcecode.swift; path = SnakeHead.swift; sourceTree = "<group>"; };
		850482BF23E1AD6500BCA8B0 /* Snake.swift */ = {isa = PBXFileReference; lastKnownFileType = sourcecode.swift; path = Snake.swift; sourceTree = "<group>"; };
		85DF3E2223E1648B00760B4D /* Snake.app */ = {isa = PBXFileReference; explicitFileType = wrapper.application; includeInIndex = 0; path = Snake.app; sourceTree = BUILT_PRODUCTS_DIR; };
		85DF3E2523E1648B00760B4D /* AppDelegate.swift */ = {isa = PBXFileReference; lastKnownFileType = sourcecode.swift; path = AppDelegate.swift; sourceTree = "<group>"; };
		85DF3E2B23E1648B00760B4D /* GameScene.swift */ = {isa = PBXFileReference; lastKnownFileType = sourcecode.swift; path = GameScene.swift; sourceTree = "<group>"; };
		85DF3E2D23E1648B00760B4D /* GameViewController.swift */ = {isa = PBXFileReference; lastKnownFileType = sourcecode.swift; path = GameViewController.swift; sourceTree = "<group>"; };
		85DF3E3023E1648B00760B4D /* Base */ = {isa = PBXFileReference; lastKnownFileType = file.storyboard; name = Base; path = Base.lproj/Main.storyboard; sourceTree = "<group>"; };
		85DF3E3223E1648D00760B4D /* Assets.xcassets */ = {isa = PBXFileReference; lastKnownFileType = folder.assetcatalog; path = Assets.xcassets; sourceTree = "<group>"; };
		85DF3E3523E1648D00760B4D /* Base */ = {isa = PBXFileReference; lastKnownFileType = file.storyboard; name = Base; path = Base.lproj/LaunchScreen.storyboard; sourceTree = "<group>"; };
		85DF3E3723E1648D00760B4D /* Info.plist */ = {isa = PBXFileReference; lastKnownFileType = text.plist.xml; path = Info.plist; sourceTree = "<group>"; };
/* End PBXFileReference section */

/* Begin PBXFrameworksBuildPhase section */
		85DF3E1F23E1648B00760B4D /* Frameworks */ = {
			isa = PBXFrameworksBuildPhase;
			buildActionMask = 2147483647;
			files = (
			);
			runOnlyForDeploymentPostprocessing = 0;
		};
/* End PBXFrameworksBuildPhase section */

/* Begin PBXGroup section */
		85DF3E1923E1648B00760B4D = {
			isa = PBXGroup;
			children = (
				85DF3E2423E1648B00760B4D /* Snake */,
				85DF3E2323E1648B00760B4D /* Products */,
			);
			sourceTree = "<group>";
		};
		85DF3E2323E1648B00760B4D /* Products */ = {
			isa = PBXGroup;
			children = (
				85DF3E2223E1648B00760B4D /* Snake.app */,
			);
			name = Products;
			sourceTree = "<group>";
		};
		85DF3E2423E1648B00760B4D /* Snake */ = {
			isa = PBXGroup;
			children = (
				85DF3E3D23E1660400760B4D /* Support */,
				85DF3E2B23E1648B00760B4D /* GameScene.swift */,
				850482BB23E1A8E900BCA8B0 /* SnakeBodyPart.swift */,
				850482BD23E1ACA100BCA8B0 /* SnakeHead.swift */,
				850482BF23E1AD6500BCA8B0 /* Snake.swift */,
				850482B923E1A14F00BCA8B0 /* Apple.swift */,
				85DF3E2D23E1648B00760B4D /* GameViewController.swift */,
				85DF3E3723E1648D00760B4D /* Info.plist */,
			);
			path = Snake;
			sourceTree = "<group>";
		};
		85DF3E3D23E1660400760B4D /* Support */ = {
			isa = PBXGroup;
			children = (
				85DF3E3423E1648D00760B4D /* LaunchScreen.storyboard */,
				85DF3E3223E1648D00760B4D /* Assets.xcassets */,
				85DF3E2F23E1648B00760B4D /* Main.storyboard */,
				85DF3E2523E1648B00760B4D /* AppDelegate.swift */,
			);
			path = Support;
			sourceTree = "<group>";
		};
/* End PBXGroup section */

/* Begin PBXNativeTarget section */
		85DF3E2123E1648B00760B4D /* Snake */ = {
			isa = PBXNativeTarget;
			buildConfigurationList = 85DF3E3A23E1648D00760B4D /* Build configuration list for PBXNativeTarget "Snake" */;
			buildPhases = (
				85DF3E1E23E1648B00760B4D /* Sources */,
				85DF3E1F23E1648B00760B4D /* Frameworks */,
				85DF3E2023E1648B00760B4D /* Resources */,
			);
			buildRules = (
			);
			dependencies = (
			);
			name = Snake;
			productName = Snake;
			productReference = 85DF3E2223E1648B00760B4D /* Snake.app */;
			productType = "com.apple.product-type.application";
		};
/* End PBXNativeTarget section */

/* Begin PBXProject section */
		85DF3E1A23E1648B00760B4D /* Project object */ = {
			isa = PBXProject;
			attributes = {
				LastSwiftUpdateCheck = 1130;
				LastUpgradeCheck = 1130;
				ORGANIZATIONNAME = "Evgeny Kolesnik";
				TargetAttributes = {
					85DF3E2123E1648B00760B4D = {
						CreatedOnToolsVersion = 11.3.1;
					};
				};
			};
			buildConfigurationList = 85DF3E1D23E1648B00760B4D /* Build configuration list for PBXProject "Snake" */;
			compatibilityVersion = "Xcode 9.3";
			developmentRegion = en;
			hasScannedForEncodings = 0;
			knownRegions = (
				en,
				Base,
			);
			mainGroup = 85DF3E1923E1648B00760B4D;
			productRefGroup = 85DF3E2323E1648B00760B4D /* Products */;
			projectDirPath = "";
			projectRoot = "";
			targets = (
				85DF3E2123E1648B00760B4D /* Snake */,
			);
		};
/* End PBXProject section */

/* Begin PBXResourcesBuildPhase section */
		85DF3E2023E1648B00760B4D /* Resources */ = {
			isa = PBXResourcesBuildPhase;
			buildActionMask = 2147483647;
			files = (
				85DF3E3123E1648B00760B4D /* Main.storyboard in Resources */,
				85DF3E3323E1648D00760B4D /* Assets.xcassets in Resources */,
				85DF3E3623E1648D00760B4D /* LaunchScreen.storyboard in Resources */,
			);
			runOnlyForDeploymentPostprocessing = 0;
		};
/* End PBXResourcesBuildPhase section */

/* Begin PBXSourcesBuildPhase section */
		85DF3E1E23E1648B00760B4D /* Sources */ = {
			isa = PBXSourcesBuildPhase;
			buildActionMask = 2147483647;
			files = (
				850482BE23E1ACA100BCA8B0 /* SnakeHead.swift in Sources */,
				850482BA23E1A14F00BCA8B0 /* Apple.swift in Sources */,
				85DF3E2C23E1648B00760B4D /* GameScene.swift in Sources */,
				85DF3E2E23E1648B00760B4D /* GameViewController.swift in Sources */,
				850482BC23E1A8E900BCA8B0 /* SnakeBodyPart.swift in Sources */,
				850482C023E1AD6500BCA8B0 /* Snake.swift in Sources */,
				85DF3E2623E1648B00760B4D /* AppDelegate.swift in Sources */,
			);
			runOnlyForDeploymentPostprocessing = 0;
		};
/* End PBXSourcesBuildPhase section */

/* Begin PBXVariantGroup section */
		85DF3E2F23E1648B00760B4D /* Main.storyboard */ = {
			isa = PBXVariantGroup;
			children = (
				85DF3E3023E1648B00760B4D /* Base */,
			);
			name = Main.storyboard;
			sourceTree = "<group>";
		};
		85DF3E3423E1648D00760B4D /* LaunchScreen.storyboard */ = {
			isa = PBXVariantGroup;
			children = (
				85DF3E3523E1648D00760B4D /* Base */,
			);
			name = LaunchScreen.storyboard;
			sourceTree = "<group>";
		};
/* End PBXVariantGroup section */

/* Begin XCBuildConfiguration section */
		85DF3E3823E1648D00760B4D /* Debug */ = {
			isa = XCBuildConfiguration;
			buildSettings = {
				ALWAYS_SEARCH_USER_PATHS = NO;
				CLANG_ANALYZER_NONNULL = YES;
				CLANG_ANALYZER_NUMBER_OBJECT_CONVERSION = YES_AGGRESSIVE;
				CLANG_CXX_LANGUAGE_STANDARD = "gnu++14";
				CLANG_CXX_LIBRARY = "libc++";
				CLANG_ENABLE_MODULES = YES;
				CLANG_ENABLE_OBJC_ARC = YES;
				CLANG_ENABLE_OBJC_WEAK = YES;
				CLANG_WARN_BLOCK_CAPTURE_AUTORELEASING = YES;
				CLANG_WARN_BOOL_CONVERSION = YES;
				CLANG_WARN_COMMA = YES;
				CLANG_WARN_CONSTANT_CONVERSION = YES;
				CLANG_WARN_DEPRECATED_OBJC_IMPLEMENTATIONS = YES;
				CLANG_WARN_DIRECT_OBJC_ISA_USAGE = YES_ERROR;
				CLANG_WARN_DOCUMENTATION_COMMENTS = YES;
				CLANG_WARN_EMPTY_BODY = YES;
				CLANG_WARN_ENUM_CONVERSION = YES;
				CLANG_WARN_INFINITE_RECURSION = YES;
				CLANG_WARN_INT_CONVERSION = YES;
				CLANG_WARN_NON_LITERAL_NULL_CONVERSION = YES;
				CLANG_WARN_OBJC_IMPLICIT_RETAIN_SELF = YES;
				CLANG_WARN_OBJC_LITERAL_CONVERSION = YES;
				CLANG_WARN_OBJC_ROOT_CLASS = YES_ERROR;
				CLANG_WARN_RANGE_LOOP_ANALYSIS = YES;
				CLANG_WARN_STRICT_PROTOTYPES = YES;
				CLANG_WARN_SUSPICIOUS_MOVE = YES;
				CLANG_WARN_UNGUARDED_AVAILABILITY = YES_AGGRESSIVE;
				CLANG_WARN_UNREACHABLE_CODE = YES;
				CLANG_WARN__DUPLICATE_METHOD_MATCH = YES;
				COPY_PHASE_STRIP = NO;
				DEBUG_INFORMATION_FORMAT = dwarf;
				ENABLE_STRICT_OBJC_MSGSEND = YES;
				ENABLE_TESTABILITY = YES;
				GCC_C_LANGUAGE_STANDARD = gnu11;
				GCC_DYNAMIC_NO_PIC = NO;
				GCC_NO_COMMON_BLOCKS = YES;
				GCC_OPTIMIZATION_LEVEL = 0;
				GCC_PREPROCESSOR_DEFINITIONS = (
					"DEBUG=1",
					"$(inherited)",
				);
				GCC_WARN_64_TO_32_BIT_CONVERSION = YES;
				GCC_WARN_ABOUT_RETURN_TYPE = YES_ERROR;
				GCC_WARN_UNDECLARED_SELECTOR = YES;
				GCC_WARN_UNINITIALIZED_AUTOS = YES_AGGRESSIVE;
				GCC_WARN_UNUSED_FUNCTION = YES;
				GCC_WARN_UNUSED_VARIABLE = YES;
				IPHONEOS_DEPLOYMENT_TARGET = 13.2;
				MTL_ENABLE_DEBUG_INFO = INCLUDE_SOURCE;
				MTL_FAST_MATH = YES;
				ONLY_ACTIVE_ARCH = YES;
				SDKROOT = iphoneos;
				SWIFT_ACTIVE_COMPILATION_CONDITIONS = DEBUG;
				SWIFT_OPTIMIZATION_LEVEL = "-Onone";
			};
			name = Debug;
		};
		85DF3E3923E1648D00760B4D /* Release */ = {
			isa = XCBuildConfiguration;
			buildSettings = {
				ALWAYS_SEARCH_USER_PATHS = NO;
				CLANG_ANALYZER_NONNULL = YES;
				CLANG_ANALYZER_NUMBER_OBJECT_CONVERSION = YES_AGGRESSIVE;
				CLANG_CXX_LANGUAGE_STANDARD = "gnu++14";
				CLANG_CXX_LIBRARY = "libc++";
				CLANG_ENABLE_MODULES = YES;
				CLANG_ENABLE_OBJC_ARC = YES;
				CLANG_ENABLE_OBJC_WEAK = YES;
				CLANG_WARN_BLOCK_CAPTURE_AUTORELEASING = YES;
				CLANG_WARN_BOOL_CONVERSION = YES;
				CLANG_WARN_COMMA = YES;
				CLANG_WARN_CONSTANT_CONVERSION = YES;
				CLANG_WARN_DEPRECATED_OBJC_IMPLEMENTATIONS = YES;
				CLANG_WARN_DIRECT_OBJC_ISA_USAGE = YES_ERROR;
				CLANG_WARN_DOCUMENTATION_COMMENTS = YES;
				CLANG_WARN_EMPTY_BODY = YES;
				CLANG_WARN_ENUM_CONVERSION = YES;
				CLANG_WARN_INFINITE_RECURSION = YES;
				CLANG_WARN_INT_CONVERSION = YES;
				CLANG_WARN_NON_LITERAL_NULL_CONVERSION = YES;
				CLANG_WARN_OBJC_IMPLICIT_RETAIN_SELF = YES;
				CLANG_WARN_OBJC_LITERAL_CONVERSION = YES;
				CLANG_WARN_OBJC_ROOT_CLASS = YES_ERROR;
				CLANG_WARN_RANGE_LOOP_ANALYSIS = YES;
				CLANG_WARN_STRICT_PROTOTYPES = YES;
				CLANG_WARN_SUSPICIOUS_MOVE = YES;
				CLANG_WARN_UNGUARDED_AVAILABILITY = YES_AGGRESSIVE;
				CLANG_WARN_UNREACHABLE_CODE = YES;
				CLANG_WARN__DUPLICATE_METHOD_MATCH = YES;
				COPY_PHASE_STRIP = NO;
				DEBUG_INFORMATION_FORMAT = "dwarf-with-dsym";
				ENABLE_NS_ASSERTIONS = NO;
				ENABLE_STRICT_OBJC_MSGSEND = YES;
				GCC_C_LANGUAGE_STANDARD = gnu11;
				GCC_NO_COMMON_BLOCKS = YES;
				GCC_WARN_64_TO_32_BIT_CONVERSION = YES;
				GCC_WARN_ABOUT_RETURN_TYPE = YES_ERROR;
				GCC_WARN_UNDECLARED_SELECTOR = YES;
				GCC_WARN_UNINITIALIZED_AUTOS = YES_AGGRESSIVE;
				GCC_WARN_UNUSED_FUNCTION = YES;
				GCC_WARN_UNUSED_VARIABLE = YES;
				IPHONEOS_DEPLOYMENT_TARGET = 13.2;
				MTL_ENABLE_DEBUG_INFO = NO;
				MTL_FAST_MATH = YES;
				SDKROOT = iphoneos;
				SWIFT_COMPILATION_MODE = wholemodule;
				SWIFT_OPTIMIZATION_LEVEL = "-O";
				VALIDATE_PRODUCT = YES;
			};
			name = Release;
		};
		85DF3E3B23E1648D00760B4D /* Debug */ = {
			isa = XCBuildConfiguration;
			buildSettings = {
				ASSETCATALOG_COMPILER_APPICON_NAME = AppIcon;
				CODE_SIGN_STYLE = Automatic;
				CURRENT_PROJECT_VERSION = 1;
				DEVELOPMENT_TEAM = W6ZDKVB5LR;
				INFOPLIST_FILE = Snake/Info.plist;
				LD_RUNPATH_SEARCH_PATHS = (
					"$(inherited)",
					"@executable_path/Frameworks",
				);
				MARKETING_VERSION = 1.0;
				PRODUCT_BUNDLE_IDENTIFIER = EK.Snake;
				PRODUCT_NAME = "$(TARGET_NAME)";
				SWIFT_VERSION = 5.0;
				TARGETED_DEVICE_FAMILY = "1,2";
			};
			name = Debug;
		};
		85DF3E3C23E1648D00760B4D /* Release */ = {
			isa = XCBuildConfiguration;
			buildSettings = {
				ASSETCATALOG_COMPILER_APPICON_NAME = AppIcon;
				CODE_SIGN_STYLE = Automatic;
				CURRENT_PROJECT_VERSION = 1;
				DEVELOPMENT_TEAM = W6ZDKVB5LR;
				INFOPLIST_FILE = Snake/Info.plist;
				LD_RUNPATH_SEARCH_PATHS = (
					"$(inherited)",
					"@executable_path/Frameworks",
				);
				MARKETING_VERSION = 1.0;
				PRODUCT_BUNDLE_IDENTIFIER = EK.Snake;
				PRODUCT_NAME = "$(TARGET_NAME)";
				SWIFT_VERSION = 5.0;
				TARGETED_DEVICE_FAMILY = "1,2";
			};
			name = Release;
		};
/* End XCBuildConfiguration section */

/* Begin XCConfigurationList section */
		85DF3E1D23E1648B00760B4D /* Build configuration list for PBXProject "Snake" */ = {
			isa = XCConfigurationList;
			buildConfigurations = (
				85DF3E3823E1648D00760B4D /* Debug */,
				85DF3E3923E1648D00760B4D /* Release */,
			);
			defaultConfigurationIsVisible = 0;
			defaultConfigurationName = Release;
		};
		85DF3E3A23E1648D00760B4D /* Build configuration list for PBXNativeTarget "Snake" */ = {
			isa = XCConfigurationList;
			buildConfigurations = (
				85DF3E3B23E1648D00760B4D /* Debug */,
				85DF3E3C23E1648D00760B4D /* Release */,
			);
			defaultConfigurationIsVisible = 0;
			defaultConfigurationName = Release;
		};
/* End XCConfigurationList section */
	};
	rootObject = 85DF3E1A23E1648B00760B4D /* Project object */;
}
